
Microsoft Visual Studio Solution File, Format Version 12.00
# Visual Studio Version 17
VisualStudioVersion = 17.9.34701.34
MinimumVisualStudioVersion = 10.0.40219.1
Project("{FAE04EC0-301F-11D3-BF4B-00C04F79EFBC}") = "CoucheTraitementDonnees", "CoucheTraitementDonnees.csproj", "{037B0A0A-4B5C-4F02-92F0-2845CAE7E997}"
EndProject
Global
	GlobalSection(SolutionConfigurationPlatforms) = preSolution
		Debug|Any CPU = Debug|Any CPU
		Release|Any CPU = Release|Any CPU
	EndGlobalSection
	GlobalSection(ProjectConfigurationPlatforms) = postSolution
		{037B0A0A-4B5C-4F02-92F0-2845CAE7E997}.Debug|Any CPU.ActiveCfg = Debug|Any CPU
		{037B0A0A-4B5C-4F02-92F0-2845CAE7E997}.Debug|Any CPU.Build.0 = Debug|Any CPU
		{037B0A0A-4B5C-4F02-92F0-2845CAE7E997}.Release|Any CPU.ActiveCfg = Release|Any CPU
		{037B0A0A-4B5C-4F02-92F0-2845CAE7E997}.Release|Any CPU.Build.0 = Release|Any CPU
	EndGlobalSection
	GlobalSection(SolutionProperties) = preSolution
		HideSolutionNode = FALSE
	EndGlobalSection
	GlobalSection(ExtensibilityGlobals) = postSolution
		SolutionGuid = {754A493F-A312-48F2-877F-58F996B55F0A}
	EndGlobalSection
EndGlobal
